// !$*UTF8*$!
{
	archiveVersion = 1;
	classes = {
	};
	objectVersion = 50;
	objects = {

/* Begin PBXBuildFile section */
		38991042257535D4002A2D44 /* AppDelegate.swift in Sources */ = {isa = PBXBuildFile; fileRef = 38991041257535D4002A2D44 /* AppDelegate.swift */; };
		38991044257535D4002A2D44 /* SceneDelegate.swift in Sources */ = {isa = PBXBuildFile; fileRef = 38991043257535D4002A2D44 /* SceneDelegate.swift */; };
		38991046257535D4002A2D44 /* ViewController.swift in Sources */ = {isa = PBXBuildFile; fileRef = 38991045257535D4002A2D44 /* ViewController.swift */; };
		38991049257535D4002A2D44 /* Main.storyboard in Resources */ = {isa = PBXBuildFile; fileRef = 38991047257535D4002A2D44 /* Main.storyboard */; };
		3899104C257535D4002A2D44 /* AssignmentNotebook2020.xcdatamodeld in Sources */ = {isa = PBXBuildFile; fileRef = 3899104A257535D4002A2D44 /* AssignmentNotebook2020.xcdatamodeld */; };
		3899104E257535DB002A2D44 /* Assets.xcassets in Resources */ = {isa = PBXBuildFile; fileRef = 3899104D257535DB002A2D44 /* Assets.xcassets */; };
		38991051257535DB002A2D44 /* LaunchScreen.storyboard in Resources */ = {isa = PBXBuildFile; fileRef = 3899104F257535DB002A2D44 /* LaunchScreen.storyboard */; };
		389910652577D923002A2D44 /* Assignment.swift in Sources */ = {isa = PBXBuildFile; fileRef = 389910642577D923002A2D44 /* Assignment.swift */; };
/* End PBXBuildFile section */

/* Begin PBXFileReference section */
		3899103E257535D4002A2D44 /* AssignmentNotebook2020.app */ = {isa = PBXFileReference; explicitFileType = wrapper.application; includeInIndex = 0; path = AssignmentNotebook2020.app; sourceTree = BUILT_PRODUCTS_DIR; };
		38991041257535D4002A2D44 /* AppDelegate.swift */ = {isa = PBXFileReference; lastKnownFileType = sourcecode.swift; path = AppDelegate.swift; sourceTree = "<group>"; };
		38991043257535D4002A2D44 /* SceneDelegate.swift */ = {isa = PBXFileReference; lastKnownFileType = sourcecode.swift; path = SceneDelegate.swift; sourceTree = "<group>"; };
		38991045257535D4002A2D44 /* ViewController.swift */ = {isa = PBXFileReference; lastKnownFileType = sourcecode.swift; path = ViewController.swift; sourceTree = "<group>"; };
		38991048257535D4002A2D44 /* Base */ = {isa = PBXFileReference; lastKnownFileType = file.storyboard; name = Base; path = Base.lproj/Main.storyboard; sourceTree = "<group>"; };
		3899104B257535D4002A2D44 /* AssignmentNotebook2020.xcdatamodel */ = {isa = PBXFileReference; lastKnownFileType = wrapper.xcdatamodel; path = AssignmentNotebook2020.xcdatamodel; sourceTree = "<group>"; };
		3899104D257535DB002A2D44 /* Assets.xcassets */ = {isa = PBXFileReference; lastKnownFileType = folder.assetcatalog; path = Assets.xcassets; sourceTree = "<group>"; };
		38991050257535DB002A2D44 /* Base */ = {isa = PBXFileReference; lastKnownFileType = file.storyboard; name = Base; path = Base.lproj/LaunchScreen.storyboard; sourceTree = "<group>"; };
		38991052257535DC002A2D44 /* Info.plist */ = {isa = PBXFileReference; lastKnownFileType = text.plist.xml; path = Info.plist; sourceTree = "<group>"; };
		389910642577D923002A2D44 /* Assignment.swift */ = {isa = PBXFileReference; lastKnownFileType = sourcecode.swift; path = Assignment.swift; sourceTree = "<group>"; };
/* End PBXFileReference section */

/* Begin PBXFrameworksBuildPhase section */
		3899103B257535D3002A2D44 /* Frameworks */ = {
			isa = PBXFrameworksBuildPhase;
			buildActionMask = 2147483647;
			files = (
			);
			runOnlyForDeploymentPostprocessing = 0;
		};
/* End PBXFrameworksBuildPhase section */

/* Begin PBXGroup section */
		38991035257535D3002A2D44 = {
			isa = PBXGroup;
			children = (
				38991040257535D4002A2D44 /* AssignmentNotebook2020 */,
				3899103F257535D4002A2D44 /* Products */,
			);
			sourceTree = "<group>";
		};
		3899103F257535D4002A2D44 /* Products */ = {
			isa = PBXGroup;
			children = (
				3899103E257535D4002A2D44 /* AssignmentNotebook2020.app */,
			);
			name = Products;
			sourceTree = "<group>";
		};
		38991040257535D4002A2D44 /* AssignmentNotebook2020 */ = {
			isa = PBXGroup;
			children = (
				38991041257535D4002A2D44 /* AppDelegate.swift */,
				38991043257535D4002A2D44 /* SceneDelegate.swift */,
				38991045257535D4002A2D44 /* ViewController.swift */,
				389910642577D923002A2D44 /* Assignment.swift */,
				38991047257535D4002A2D44 /* Main.storyboard */,
				3899104D257535DB002A2D44 /* Assets.xcassets */,
				3899104F257535DB002A2D44 /* LaunchScreen.storyboard */,
				38991052257535DC002A2D44 /* Info.plist */,
				3899104A257535D4002A2D44 /* AssignmentNotebook2020.xcdatamodeld */,
			);
			path = AssignmentNotebook2020;
			sourceTree = "<group>";
		};
/* End PBXGroup section */

/* Begin PBXNativeTarget section */
		3899103D257535D3002A2D44 /* AssignmentNotebook2020 */ = {
			isa = PBXNativeTarget;
			buildConfigurationList = 38991055257535DC002A2D44 /* Build configuration list for PBXNativeTarget "AssignmentNotebook2020" */;
			buildPhases = (
				3899103A257535D3002A2D44 /* Sources */,
				3899103B257535D3002A2D44 /* Frameworks */,
				3899103C257535D3002A2D44 /* Resources */,
			);
			buildRules = (
			);
			dependencies = (
			);
			name = AssignmentNotebook2020;
			productName = AssignmentNotebook2020;
			productReference = 3899103E257535D4002A2D44 /* AssignmentNotebook2020.app */;
			productType = "com.apple.product-type.application";
		};
/* End PBXNativeTarget section */

/* Begin PBXProject section */
		38991036257535D3002A2D44 /* Project object */ = {
			isa = PBXProject;
			attributes = {
				LastSwiftUpdateCheck = 1220;
				LastUpgradeCheck = 1220;
				TargetAttributes = {
					3899103D257535D3002A2D44 = {
						CreatedOnToolsVersion = 12.2;
					};
				};
			};
			buildConfigurationList = 38991039257535D3002A2D44 /* Build configuration list for PBXProject "AssignmentNotebook2020" */;
			compatibilityVersion = "Xcode 9.3";
			developmentRegion = en;
			hasScannedForEncodings = 0;
			knownRegions = (
				en,
				Base,
			);
			mainGroup = 38991035257535D3002A2D44;
			productRefGroup = 3899103F257535D4002A2D44 /* Products */;
			projectDirPath = "";
			projectRoot = "";
			targets = (
				3899103D257535D3002A2D44 /* AssignmentNotebook2020 */,
			);
		};
/* End PBXProject section */

/* Begin PBXResourcesBuildPhase section */
		3899103C257535D3002A2D44 /* Resources */ = {
			isa = PBXResourcesBuildPhase;
			buildActionMask = 2147483647;
			files = (
				38991051257535DB002A2D44 /* LaunchScreen.storyboard in Resources */,
				3899104E257535DB002A2D44 /* Assets.xcassets in Resources */,
				38991049257535D4002A2D44 /* Main.storyboard in Resources */,
			);
			runOnlyForDeploymentPostprocessing = 0;
		};
/* End PBXResourcesBuildPhase section */

/* Begin PBXSourcesBuildPhase section */
		3899103A257535D3002A2D44 /* Sources */ = {
			isa = PBXSourcesBuildPhase;
			buildActionMask = 2147483647;
			files = (
				38991046257535D4002A2D44 /* ViewController.swift in Sources */,
				3899104C257535D4002A2D44 /* AssignmentNotebook2020.xcdatamodeld in Sources */,
				38991042257535D4002A2D44 /* AppDelegate.swift in Sources */,
				389910652577D923002A2D44 /* Assignment.swift in Sources */,
				38991044257535D4002A2D44 /* SceneDelegate.swift in Sources */,
			);
			runOnlyForDeploymentPostprocessing = 0;
		};
/* End PBXSourcesBuildPhase section */

/* Begin PBXVariantGroup section */
		38991047257535D4002A2D44 /* Main.storyboard */ = {
			isa = PBXVariantGroup;
			children = (
				38991048257535D4002A2D44 /* Base */,
			);
			name = Main.storyboard;
			sourceTree = "<group>";
		};
		3899104F257535DB002A2D44 /* LaunchScreen.storyboard */ = {
			isa = PBXVariantGroup;
			children = (
				38991050257535DB002A2D44 /* Base */,
			);
			name = LaunchScreen.storyboard;
			sourceTree = "<group>";
		};
/* End PBXVariantGroup section */

/* Begin XCBuildConfiguration section */
		38991053257535DC002A2D44 /* Debug */ = {
			isa = XCBuildConfiguration;
			buildSettings = {
				ALWAYS_SEARCH_USER_PATHS = NO;
				CLANG_ANALYZER_NONNULL = YES;
				CLANG_ANALYZER_NUMBER_OBJECT_CONVERSION = YES_AGGRESSIVE;
				CLANG_CXX_LANGUAGE_STANDARD = "gnu++14";
				CLANG_CXX_LIBRARY = "libc++";
				CLANG_ENABLE_MODULES = YES;
				CLANG_ENABLE_OBJC_ARC = YES;
				CLANG_ENABLE_OBJC_WEAK = YES;
				CLANG_WARN_BLOCK_CAPTURE_AUTORELEASING = YES;
				CLANG_WARN_BOOL_CONVERSION = YES;
				CLANG_WARN_COMMA = YES;
				CLANG_WARN_CONSTANT_CONVERSION = YES;
				CLANG_WARN_DEPRECATED_OBJC_IMPLEMENTATIONS = YES;
				CLANG_WARN_DIRECT_OBJC_ISA_USAGE = YES_ERROR;
				CLANG_WARN_DOCUMENTATION_COMMENTS = YES;
				CLANG_WARN_EMPTY_BODY = YES;
				CLANG_WARN_ENUM_CONVERSION = YES;
				CLANG_WARN_INFINITE_RECURSION = YES;
				CLANG_WARN_INT_CONVERSION = YES;
				CLANG_WARN_NON_LITERAL_NULL_CONVERSION = YES;
				CLANG_WARN_OBJC_IMPLICIT_RETAIN_SELF = YES;
				CLANG_WARN_OBJC_LITERAL_CONVERSION = YES;
				CLANG_WARN_OBJC_ROOT_CLASS = YES_ERROR;
				CLANG_WARN_QUOTED_INCLUDE_IN_FRAMEWORK_HEADER = YES;
				CLANG_WARN_RANGE_LOOP_ANALYSIS = YES;
				CLANG_WARN_STRICT_PROTOTYPES = YES;
				CLANG_WARN_SUSPICIOUS_MOVE = YES;
				CLANG_WARN_UNGUARDED_AVAILABILITY = YES_AGGRESSIVE;
				CLANG_WARN_UNREACHABLE_CODE = YES;
				CLANG_WARN__DUPLICATE_METHOD_MATCH = YES;
				COPY_PHASE_STRIP = NO;
				DEBUG_INFORMATION_FORMAT = dwarf;
				ENABLE_STRICT_OBJC_MSGSEND = YES;
				ENABLE_TESTABILITY = YES;
				GCC_C_LANGUAGE_STANDARD = gnu11;
				GCC_DYNAMIC_NO_PIC = NO;
				GCC_NO_COMMON_BLOCKS = YES;
				GCC_OPTIMIZATION_LEVEL = 0;
				GCC_PREPROCESSOR_DEFINITIONS = (
					"DEBUG=1",
					"$(inherited)",
				);
				GCC_WARN_64_TO_32_BIT_CONVERSION = YES;
				GCC_WARN_ABOUT_RETURN_TYPE = YES_ERROR;
				GCC_WARN_UNDECLARED_SELECTOR = YES;
				GCC_WARN_UNINITIALIZED_AUTOS = YES_AGGRESSIVE;
				GCC_WARN_UNUSED_FUNCTION = YES;
				GCC_WARN_UNUSED_VARIABLE = YES;
				IPHONEOS_DEPLOYMENT_TARGET = 14.2;
				MTL_ENABLE_DEBUG_INFO = INCLUDE_SOURCE;
				MTL_FAST_MATH = YES;
				ONLY_ACTIVE_ARCH = YES;
				SDKROOT = iphoneos;
				SWIFT_ACTIVE_COMPILATION_CONDITIONS = DEBUG;
				SWIFT_OPTIMIZATION_LEVEL = "-Onone";
			};
			name = Debug;
		};
		38991054257535DC002A2D44 /* Release */ = {
			isa = XCBuildConfiguration;
			buildSettings = {
				ALWAYS_SEARCH_USER_PATHS = NO;
				CLANG_ANALYZER_NONNULL = YES;
				CLANG_ANALYZER_NUMBER_OBJECT_CONVERSION = YES_AGGRESSIVE;
				CLANG_CXX_LANGUAGE_STANDARD = "gnu++14";
				CLANG_CXX_LIBRARY = "libc++";
				CLANG_ENABLE_MODULES = YES;
				CLANG_ENABLE_OBJC_ARC = YES;
				CLANG_ENABLE_OBJC_WEAK = YES;
				CLANG_WARN_BLOCK_CAPTURE_AUTORELEASING = YES;
				CLANG_WARN_BOOL_CONVERSION = YES;
				CLANG_WARN_COMMA = YES;
				CLANG_WARN_CONSTANT_CONVERSION = YES;
				CLANG_WARN_DEPRECATED_OBJC_IMPLEMENTATIONS = YES;
				CLANG_WARN_DIRECT_OBJC_ISA_USAGE = YES_ERROR;
				CLANG_WARN_DOCUMENTATION_COMMENTS = YES;
				CLANG_WARN_EMPTY_BODY = YES;
				CLANG_WARN_ENUM_CONVERSION = YES;
				CLANG_WARN_INFINITE_RECURSION = YES;
				CLANG_WARN_INT_CONVERSION = YES;
				CLANG_WARN_NON_LITERAL_NULL_CONVERSION = YES;
				CLANG_WARN_OBJC_IMPLICIT_RETAIN_SELF = YES;
				CLANG_WARN_OBJC_LITERAL_CONVERSION = YES;
				CLANG_WARN_OBJC_ROOT_CLASS = YES_ERROR;
				CLANG_WARN_QUOTED_INCLUDE_IN_FRAMEWORK_HEADER = YES;
				CLANG_WARN_RANGE_LOOP_ANALYSIS = YES;
				CLANG_WARN_STRICT_PROTOTYPES = YES;
				CLANG_WARN_SUSPICIOUS_MOVE = YES;
				CLANG_WARN_UNGUARDED_AVAILABILITY = YES_AGGRESSIVE;
				CLANG_WARN_UNREACHABLE_CODE = YES;
				CLANG_WARN__DUPLICATE_METHOD_MATCH = YES;
				COPY_PHASE_STRIP = NO;
				DEBUG_INFORMATION_FORMAT = "dwarf-with-dsym";
				ENABLE_NS_ASSERTIONS = NO;
				ENABLE_STRICT_OBJC_MSGSEND = YES;
				GCC_C_LANGUAGE_STANDARD = gnu11;
				GCC_NO_COMMON_BLOCKS = YES;
				GCC_WARN_64_TO_32_BIT_CONVERSION = YES;
				GCC_WARN_ABOUT_RETURN_TYPE = YES_ERROR;
				GCC_WARN_UNDECLARED_SELECTOR = YES;
				GCC_WARN_UNINITIALIZED_AUTOS = YES_AGGRESSIVE;
				GCC_WARN_UNUSED_FUNCTION = YES;
				GCC_WARN_UNUSED_VARIABLE = YES;
				IPHONEOS_DEPLOYMENT_TARGET = 14.2;
				MTL_ENABLE_DEBUG_INFO = NO;
				MTL_FAST_MATH = YES;
				SDKROOT = iphoneos;
				SWIFT_COMPILATION_MODE = wholemodule;
				SWIFT_OPTIMIZATION_LEVEL = "-O";
				VALIDATE_PRODUCT = YES;
			};
			name = Release;
		};
		38991056257535DC002A2D44 /* Debug */ = {
			isa = XCBuildConfiguration;
			buildSettings = {
				ASSETCATALOG_COMPILER_APPICON_NAME = AppIcon;
				ASSETCATALOG_COMPILER_GLOBAL_ACCENT_COLOR_NAME = AccentColor;
				CODE_SIGN_STYLE = Automatic;
				DEVELOPMENT_TEAM = 84LWTY6T5F;
				INFOPLIST_FILE = AssignmentNotebook2020/Info.plist;
				IPHONEOS_DEPLOYMENT_TARGET = 13.0;
				LD_RUNPATH_SEARCH_PATHS = (
					"$(inherited)",
					"@executable_path/Frameworks",
				);
				PRODUCT_BUNDLE_IDENTIFIER = com.DocsApps.AssignmentNotebook2020;
				PRODUCT_NAME = "$(TARGET_NAME)";
				SWIFT_VERSION = 5.0;
				TARGETED_DEVICE_FAMILY = "1,2";
			};
			name = Debug;
		};
		38991057257535DC002A2D44 /* Release */ = {
			isa = XCBuildConfiguration;
			buildSettings = {
				ASSETCATALOG_COMPILER_APPICON_NAME = AppIcon;
				ASSETCATALOG_COMPILER_GLOBAL_ACCENT_COLOR_NAME = AccentColor;
				CODE_SIGN_STYLE = Automatic;
				DEVELOPMENT_TEAM = 84LWTY6T5F;
				INFOPLIST_FILE = AssignmentNotebook2020/Info.plist;
				IPHONEOS_DEPLOYMENT_TARGET = 13.0;
				LD_RUNPATH_SEARCH_PATHS = (
					"$(inherited)",
					"@executable_path/Frameworks",
				);
				PRODUCT_BUNDLE_IDENTIFIER = com.DocsApps.AssignmentNotebook2020;
				PRODUCT_NAME = "$(TARGET_NAME)";
				SWIFT_VERSION = 5.0;
				TARGETED_DEVICE_FAMILY = "1,2";
			};
			name = Release;
		};
/* End XCBuildConfiguration section */

/* Begin XCConfigurationList section */
		38991039257535D3002A2D44 /* Build configuration list for PBXProject "AssignmentNotebook2020" */ = {
			isa = XCConfigurationList;
			buildConfigurations = (
				38991053257535DC002A2D44 /* Debug */,
				38991054257535DC002A2D44 /* Release */,
			);
			defaultConfigurationIsVisible = 0;
			defaultConfigurationName = Release;
		};
		38991055257535DC002A2D44 /* Build configuration list for PBXNativeTarget "AssignmentNotebook2020" */ = {
			isa = XCConfigurationList;
			buildConfigurations = (
				38991056257535DC002A2D44 /* Debug */,
				38991057257535DC002A2D44 /* Release */,
			);
			defaultConfigurationIsVisible = 0;
			defaultConfigurationName = Release;
		};
/* End XCConfigurationList section */

/* Begin XCVersionGroup section */
		3899104A257535D4002A2D44 /* AssignmentNotebook2020.xcdatamodeld */ = {
			isa = XCVersionGroup;
			children = (
				3899104B257535D4002A2D44 /* AssignmentNotebook2020.xcdatamodel */,
			);
			currentVersion = 3899104B257535D4002A2D44 /* AssignmentNotebook2020.xcdatamodel */;
			path = AssignmentNotebook2020.xcdatamodeld;
			sourceTree = "<group>";
			versionGroupType = wrapper.xcdatamodel;
		};
/* End XCVersionGroup section */
	};
	rootObject = 38991036257535D3002A2D44 /* Project object */;
}
